
Microsoft Visual Studio Solution File, Format Version 12.00
# Visual Studio Version 17
VisualStudioVersion = 17.14.36717.8 d17.14
MinimumVisualStudioVersion = 10.0.40219.1
Project("{FAE04EC0-301F-11D3-BF4B-00C04F79EFBC}") = "Task1", "Task1\Task1.csproj", "{333B5BEA-6744-4A97-A643-D8E128F104EF}"
EndProject
Project("{FAE04EC0-301F-11D3-BF4B-00C04F79EFBC}") = "Task2", "Task2\Task2.csproj", "{D3C0E823-E6C5-4896-9885-D924C4B4104D}"
EndProject
Project("{FAE04EC0-301F-11D3-BF4B-00C04F79EFBC}") = "Task3", "Task3\Task3.csproj", "{E33E240B-70B3-4639-89CA-19D45CA2B871}"
EndProject
Project("{FAE04EC0-301F-11D3-BF4B-00C04F79EFBC}") = "Task4", "Task4\Task4.csproj", "{CDA3C02C-72C4-49C1-BCBD-79050AEBF08F}"
EndProject
Global
	GlobalSection(SolutionConfigurationPlatforms) = preSolution
		Debug|Any CPU = Debug|Any CPU
		Release|Any CPU = Release|Any CPU
	EndGlobalSection
	GlobalSection(ProjectConfigurationPlatforms) = postSolution
		{333B5BEA-6744-4A97-A643-D8E128F104EF}.Debug|Any CPU.ActiveCfg = Debug|Any CPU
		{333B5BEA-6744-4A97-A643-D8E128F104EF}.Debug|Any CPU.Build.0 = Debug|Any CPU
		{333B5BEA-6744-4A97-A643-D8E128F104EF}.Release|Any CPU.ActiveCfg = Release|Any CPU
		{333B5BEA-6744-4A97-A643-D8E128F104EF}.Release|Any CPU.Build.0 = Release|Any CPU
		{D3C0E823-E6C5-4896-9885-D924C4B4104D}.Debug|Any CPU.ActiveCfg = Debug|Any CPU
		{D3C0E823-E6C5-4896-9885-D924C4B4104D}.Debug|Any CPU.Build.0 = Debug|Any CPU
		{D3C0E823-E6C5-4896-9885-D924C4B4104D}.Release|Any CPU.ActiveCfg = Release|Any CPU
		{D3C0E823-E6C5-4896-9885-D924C4B4104D}.Release|Any CPU.Build.0 = Release|Any CPU
		{E33E240B-70B3-4639-89CA-19D45CA2B871}.Debug|Any CPU.ActiveCfg = Debug|Any CPU
		{E33E240B-70B3-4639-89CA-19D45CA2B871}.Debug|Any CPU.Build.0 = Debug|Any CPU
		{E33E240B-70B3-4639-89CA-19D45CA2B871}.Release|Any CPU.ActiveCfg = Release|Any CPU
		{E33E240B-70B3-4639-89CA-19D45CA2B871}.Release|Any CPU.Build.0 = Release|Any CPU
		{CDA3C02C-72C4-49C1-BCBD-79050AEBF08F}.Debug|Any CPU.ActiveCfg = Debug|Any CPU
		{CDA3C02C-72C4-49C1-BCBD-79050AEBF08F}.Debug|Any CPU.Build.0 = Debug|Any CPU
		{CDA3C02C-72C4-49C1-BCBD-79050AEBF08F}.Release|Any CPU.ActiveCfg = Release|Any CPU
		{CDA3C02C-72C4-49C1-BCBD-79050AEBF08F}.Release|Any CPU.Build.0 = Release|Any CPU
	EndGlobalSection
	GlobalSection(SolutionProperties) = preSolution
		HideSolutionNode = FALSE
	EndGlobalSection
	GlobalSection(ExtensibilityGlobals) = postSolution
		SolutionGuid = {69AF131E-CEA6-4162-9896-5432FF868925}
	EndGlobalSection
EndGlobal
